
Microsoft Visual Studio Solution File, Format Version 12.00
# Visual Studio 2013
VisualStudioVersion = 12.0.31101.0
MinimumVisualStudioVersion = 10.0.40219.1
Project("{2150E333-8FDC-42A3-9474-1A3956D46DE8}") = "src", "src", "{C74F83B5-373F-4A36-95FE-FF65E3B9334F}"
EndProject
Project("{FAE04EC0-301F-11D3-BF4B-00C04F79EFBC}") = "NoCoUG.PostSharp.WPF", "src\NoCoUG.PostSharp.WPF\NoCoUG.PostSharp.WPF.csproj", "{10B68491-8D95-45FF-B40E-52E04C1F44E6}"
EndProject
Global
	GlobalSection(SolutionConfigurationPlatforms) = preSolution
		Debug|Any CPU = Debug|Any CPU
		Release|Any CPU = Release|Any CPU
	EndGlobalSection
	GlobalSection(ProjectConfigurationPlatforms) = postSolution
		{10B68491-8D95-45FF-B40E-52E04C1F44E6}.Debug|Any CPU.ActiveCfg = Debug|Any CPU
		{10B68491-8D95-45FF-B40E-52E04C1F44E6}.Debug|Any CPU.Build.0 = Debug|Any CPU
		{10B68491-8D95-45FF-B40E-52E04C1F44E6}.Release|Any CPU.ActiveCfg = Release|Any CPU
		{10B68491-8D95-45FF-B40E-52E04C1F44E6}.Release|Any CPU.Build.0 = Release|Any CPU
	EndGlobalSection
	GlobalSection(SolutionProperties) = preSolution
		HideSolutionNode = FALSE
	EndGlobalSection
	GlobalSection(NestedProjects) = preSolution
		{10B68491-8D95-45FF-B40E-52E04C1F44E6} = {C74F83B5-373F-4A36-95FE-FF65E3B9334F}
	EndGlobalSection
EndGlobal
